// !$*UTF8*$!
{
	archiveVersion = 1;
	classes = {
	};
	objectVersion = 55;
	objects = {

/* Begin PBXBuildFile section */
		D80200A92703010800AE735A /* AppDelegate.swift in Sources */ = {isa = PBXBuildFile; fileRef = D80200A82703010800AE735A /* AppDelegate.swift */; };
		D80200AB2703010800AE735A /* SceneDelegate.swift in Sources */ = {isa = PBXBuildFile; fileRef = D80200AA2703010800AE735A /* SceneDelegate.swift */; };
		D80200B02703010800AE735A /* Main.storyboard in Resources */ = {isa = PBXBuildFile; fileRef = D80200AE2703010800AE735A /* Main.storyboard */; };
		D80200B22703010900AE735A /* Assets.xcassets in Resources */ = {isa = PBXBuildFile; fileRef = D80200B12703010900AE735A /* Assets.xcassets */; };
		D80200B52703010900AE735A /* LaunchScreen.storyboard in Resources */ = {isa = PBXBuildFile; fileRef = D80200B32703010900AE735A /* LaunchScreen.storyboard */; };
		D80200C12703051F00AE735A /* MainCollectionViewController.swift in Sources */ = {isa = PBXBuildFile; fileRef = D80200C02703051F00AE735A /* MainCollectionViewController.swift */; };
		D80200C32703063600AE735A /* UserActionCell.swift in Sources */ = {isa = PBXBuildFile; fileRef = D80200C22703063600AE735A /* UserActionCell.swift */; };
		D80200C6270309F900AE735A /* TickersTableViewController.swift in Sources */ = {isa = PBXBuildFile; fileRef = D80200C5270309F900AE735A /* TickersTableViewController.swift */; };
		D80200C827030E8F00AE735A /* Ticker.swift in Sources */ = {isa = PBXBuildFile; fileRef = D80200C727030E8F00AE735A /* Ticker.swift */; };
		D80200CB2703173400AE735A /* TickerCell.swift in Sources */ = {isa = PBXBuildFile; fileRef = D80200CA2703173400AE735A /* TickerCell.swift */; };
		D80200CD27032E2900AE735A /* NetworkManager.swift in Sources */ = {isa = PBXBuildFile; fileRef = D80200CC27032E2900AE735A /* NetworkManager.swift */; };
		D82C241727036B3200E46883 /* SingleTickerViewController.swift in Sources */ = {isa = PBXBuildFile; fileRef = D82C241627036B3200E46883 /* SingleTickerViewController.swift */; };
		D858EA5327039796004133DE /* DataManager.swift in Sources */ = {isa = PBXBuildFile; fileRef = D858EA5227039796004133DE /* DataManager.swift */; };
		D858EA5527039DE4004133DE /* WatchListTableViewController.swift in Sources */ = {isa = PBXBuildFile; fileRef = D858EA5427039DE4004133DE /* WatchListTableViewController.swift */; };
/* End PBXBuildFile section */

/* Begin PBXFileReference section */
		D80200A52703010800AE735A /* BinanceApiTikersData.app */ = {isa = PBXFileReference; explicitFileType = wrapper.application; includeInIndex = 0; path = BinanceApiTikersData.app; sourceTree = BUILT_PRODUCTS_DIR; };
		D80200A82703010800AE735A /* AppDelegate.swift */ = {isa = PBXFileReference; lastKnownFileType = sourcecode.swift; path = AppDelegate.swift; sourceTree = "<group>"; };
		D80200AA2703010800AE735A /* SceneDelegate.swift */ = {isa = PBXFileReference; lastKnownFileType = sourcecode.swift; path = SceneDelegate.swift; sourceTree = "<group>"; };
		D80200AF2703010800AE735A /* Base */ = {isa = PBXFileReference; lastKnownFileType = file.storyboard; name = Base; path = Base.lproj/Main.storyboard; sourceTree = "<group>"; };
		D80200B12703010900AE735A /* Assets.xcassets */ = {isa = PBXFileReference; lastKnownFileType = folder.assetcatalog; path = Assets.xcassets; sourceTree = "<group>"; };
		D80200B42703010900AE735A /* Base */ = {isa = PBXFileReference; lastKnownFileType = file.storyboard; name = Base; path = Base.lproj/LaunchScreen.storyboard; sourceTree = "<group>"; };
		D80200B62703010900AE735A /* Info.plist */ = {isa = PBXFileReference; lastKnownFileType = text.plist.xml; path = Info.plist; sourceTree = "<group>"; };
		D80200C02703051F00AE735A /* MainCollectionViewController.swift */ = {isa = PBXFileReference; lastKnownFileType = sourcecode.swift; path = MainCollectionViewController.swift; sourceTree = "<group>"; };
		D80200C22703063600AE735A /* UserActionCell.swift */ = {isa = PBXFileReference; lastKnownFileType = sourcecode.swift; path = UserActionCell.swift; sourceTree = "<group>"; };
		D80200C5270309F900AE735A /* TickersTableViewController.swift */ = {isa = PBXFileReference; lastKnownFileType = sourcecode.swift; path = TickersTableViewController.swift; sourceTree = "<group>"; };
		D80200C727030E8F00AE735A /* Ticker.swift */ = {isa = PBXFileReference; lastKnownFileType = sourcecode.swift; path = Ticker.swift; sourceTree = "<group>"; };
		D80200CA2703173400AE735A /* TickerCell.swift */ = {isa = PBXFileReference; lastKnownFileType = sourcecode.swift; path = TickerCell.swift; sourceTree = "<group>"; };
		D80200CC27032E2900AE735A /* NetworkManager.swift */ = {isa = PBXFileReference; lastKnownFileType = sourcecode.swift; path = NetworkManager.swift; sourceTree = "<group>"; };
		D82C241627036B3200E46883 /* SingleTickerViewController.swift */ = {isa = PBXFileReference; lastKnownFileType = sourcecode.swift; path = SingleTickerViewController.swift; sourceTree = "<group>"; };
		D858EA5227039796004133DE /* DataManager.swift */ = {isa = PBXFileReference; lastKnownFileType = sourcecode.swift; path = DataManager.swift; sourceTree = "<group>"; };
		D858EA5427039DE4004133DE /* WatchListTableViewController.swift */ = {isa = PBXFileReference; lastKnownFileType = sourcecode.swift; path = WatchListTableViewController.swift; sourceTree = "<group>"; };
/* End PBXFileReference section */

/* Begin PBXFrameworksBuildPhase section */
		D80200A22703010800AE735A /* Frameworks */ = {
			isa = PBXFrameworksBuildPhase;
			buildActionMask = 2147483647;
			files = (
			);
			runOnlyForDeploymentPostprocessing = 0;
		};
/* End PBXFrameworksBuildPhase section */

/* Begin PBXGroup section */
		D802009C2703010800AE735A = {
			isa = PBXGroup;
			children = (
				D80200A72703010800AE735A /* BinanceApiTikersData */,
				D80200A62703010800AE735A /* Products */,
			);
			sourceTree = "<group>";
		};
		D80200A62703010800AE735A /* Products */ = {
			isa = PBXGroup;
			children = (
				D80200A52703010800AE735A /* BinanceApiTikersData.app */,
			);
			name = Products;
			sourceTree = "<group>";
		};
		D80200A72703010800AE735A /* BinanceApiTikersData */ = {
			isa = PBXGroup;
			children = (
				D80200BE2703013D00AE735A /* ViewControllers */,
				D80200BD2703012600AE735A /* Storyboards */,
				D80200BC2703011700AE735A /* Resources */,
				D80200BF2703014C00AE735A /* App */,
				D80200C42703063C00AE735A /* Views */,
				D80200C927030E9300AE735A /* Models */,
				D80200CE27032E3E00AE735A /* Services */,
			);
			path = BinanceApiTikersData;
			sourceTree = "<group>";
		};
		D80200BC2703011700AE735A /* Resources */ = {
			isa = PBXGroup;
			children = (
				D80200B12703010900AE735A /* Assets.xcassets */,
			);
			path = Resources;
			sourceTree = "<group>";
		};
		D80200BD2703012600AE735A /* Storyboards */ = {
			isa = PBXGroup;
			children = (
				D80200AE2703010800AE735A /* Main.storyboard */,
				D80200B32703010900AE735A /* LaunchScreen.storyboard */,
			);
			path = Storyboards;
			sourceTree = "<group>";
		};
		D80200BE2703013D00AE735A /* ViewControllers */ = {
			isa = PBXGroup;
			children = (
				D80200C02703051F00AE735A /* MainCollectionViewController.swift */,
				D80200C5270309F900AE735A /* TickersTableViewController.swift */,
				D82C241627036B3200E46883 /* SingleTickerViewController.swift */,
				D858EA5427039DE4004133DE /* WatchListTableViewController.swift */,
			);
			path = ViewControllers;
			sourceTree = "<group>";
		};
		D80200BF2703014C00AE735A /* App */ = {
			isa = PBXGroup;
			children = (
				D80200A82703010800AE735A /* AppDelegate.swift */,
				D80200AA2703010800AE735A /* SceneDelegate.swift */,
				D80200B62703010900AE735A /* Info.plist */,
			);
			path = App;
			sourceTree = "<group>";
		};
		D80200C42703063C00AE735A /* Views */ = {
			isa = PBXGroup;
			children = (
				D80200C22703063600AE735A /* UserActionCell.swift */,
				D80200CA2703173400AE735A /* TickerCell.swift */,
			);
			path = Views;
			sourceTree = "<group>";
		};
		D80200C927030E9300AE735A /* Models */ = {
			isa = PBXGroup;
			children = (
				D80200C727030E8F00AE735A /* Ticker.swift */,
			);
			path = Models;
			sourceTree = "<group>";
		};
		D80200CE27032E3E00AE735A /* Services */ = {
			isa = PBXGroup;
			children = (
				D80200CC27032E2900AE735A /* NetworkManager.swift */,
				D858EA5227039796004133DE /* DataManager.swift */,
			);
			path = Services;
			sourceTree = "<group>";
		};
/* End PBXGroup section */

/* Begin PBXNativeTarget section */
		D80200A42703010800AE735A /* BinanceApiTikersData */ = {
			isa = PBXNativeTarget;
			buildConfigurationList = D80200B92703010900AE735A /* Build configuration list for PBXNativeTarget "BinanceApiTikersData" */;
			buildPhases = (
				D80200A12703010800AE735A /* Sources */,
				D80200A22703010800AE735A /* Frameworks */,
				D80200A32703010800AE735A /* Resources */,
			);
			buildRules = (
			);
			dependencies = (
			);
			name = BinanceApiTikersData;
			productName = BinanceApiTikersData;
			productReference = D80200A52703010800AE735A /* BinanceApiTikersData.app */;
			productType = "com.apple.product-type.application";
		};
/* End PBXNativeTarget section */

/* Begin PBXProject section */
		D802009D2703010800AE735A /* Project object */ = {
			isa = PBXProject;
			attributes = {
				BuildIndependentTargetsInParallel = 1;
				LastSwiftUpdateCheck = 1300;
				LastUpgradeCheck = 1300;
				TargetAttributes = {
					D80200A42703010800AE735A = {
						CreatedOnToolsVersion = 13.0;
					};
				};
			};
			buildConfigurationList = D80200A02703010800AE735A /* Build configuration list for PBXProject "BinanceApiTikersData" */;
			compatibilityVersion = "Xcode 13.0";
			developmentRegion = en;
			hasScannedForEncodings = 0;
			knownRegions = (
				en,
				Base,
			);
			mainGroup = D802009C2703010800AE735A;
			productRefGroup = D80200A62703010800AE735A /* Products */;
			projectDirPath = "";
			projectRoot = "";
			targets = (
				D80200A42703010800AE735A /* BinanceApiTikersData */,
			);
		};
/* End PBXProject section */

/* Begin PBXResourcesBuildPhase section */
		D80200A32703010800AE735A /* Resources */ = {
			isa = PBXResourcesBuildPhase;
			buildActionMask = 2147483647;
			files = (
				D80200B52703010900AE735A /* LaunchScreen.storyboard in Resources */,
				D80200B22703010900AE735A /* Assets.xcassets in Resources */,
				D80200B02703010800AE735A /* Main.storyboard in Resources */,
			);
			runOnlyForDeploymentPostprocessing = 0;
		};
/* End PBXResourcesBuildPhase section */

/* Begin PBXSourcesBuildPhase section */
		D80200A12703010800AE735A /* Sources */ = {
			isa = PBXSourcesBuildPhase;
			buildActionMask = 2147483647;
			files = (
				D80200CD27032E2900AE735A /* NetworkManager.swift in Sources */,
				D80200C6270309F900AE735A /* TickersTableViewController.swift in Sources */,
				D80200C32703063600AE735A /* UserActionCell.swift in Sources */,
				D858EA5527039DE4004133DE /* WatchListTableViewController.swift in Sources */,
				D80200C827030E8F00AE735A /* Ticker.swift in Sources */,
				D80200C12703051F00AE735A /* MainCollectionViewController.swift in Sources */,
				D80200CB2703173400AE735A /* TickerCell.swift in Sources */,
				D80200A92703010800AE735A /* AppDelegate.swift in Sources */,
				D858EA5327039796004133DE /* DataManager.swift in Sources */,
				D82C241727036B3200E46883 /* SingleTickerViewController.swift in Sources */,
				D80200AB2703010800AE735A /* SceneDelegate.swift in Sources */,
			);
			runOnlyForDeploymentPostprocessing = 0;
		};
/* End PBXSourcesBuildPhase section */

/* Begin PBXVariantGroup section */
		D80200AE2703010800AE735A /* Main.storyboard */ = {
			isa = PBXVariantGroup;
			children = (
				D80200AF2703010800AE735A /* Base */,
			);
			name = Main.storyboard;
			sourceTree = "<group>";
		};
		D80200B32703010900AE735A /* LaunchScreen.storyboard */ = {
			isa = PBXVariantGroup;
			children = (
				D80200B42703010900AE735A /* Base */,
			);
			name = LaunchScreen.storyboard;
			sourceTree = "<group>";
		};
/* End PBXVariantGroup section */

/* Begin XCBuildConfiguration section */
		D80200B72703010900AE735A /* Debug */ = {
			isa = XCBuildConfiguration;
			buildSettings = {
				ALWAYS_SEARCH_USER_PATHS = NO;
				CLANG_ANALYZER_NONNULL = YES;
				CLANG_ANALYZER_NUMBER_OBJECT_CONVERSION = YES_AGGRESSIVE;
				CLANG_CXX_LANGUAGE_STANDARD = "gnu++17";
				CLANG_CXX_LIBRARY = "libc++";
				CLANG_ENABLE_MODULES = YES;
				CLANG_ENABLE_OBJC_ARC = YES;
				CLANG_ENABLE_OBJC_WEAK = YES;
				CLANG_WARN_BLOCK_CAPTURE_AUTORELEASING = YES;
				CLANG_WARN_BOOL_CONVERSION = YES;
				CLANG_WARN_COMMA = YES;
				CLANG_WARN_CONSTANT_CONVERSION = YES;
				CLANG_WARN_DEPRECATED_OBJC_IMPLEMENTATIONS = YES;
				CLANG_WARN_DIRECT_OBJC_ISA_USAGE = YES_ERROR;
				CLANG_WARN_DOCUMENTATION_COMMENTS = YES;
				CLANG_WARN_EMPTY_BODY = YES;
				CLANG_WARN_ENUM_CONVERSION = YES;
				CLANG_WARN_INFINITE_RECURSION = YES;
				CLANG_WARN_INT_CONVERSION = YES;
				CLANG_WARN_NON_LITERAL_NULL_CONVERSION = YES;
				CLANG_WARN_OBJC_IMPLICIT_RETAIN_SELF = YES;
				CLANG_WARN_OBJC_LITERAL_CONVERSION = YES;
				CLANG_WARN_OBJC_ROOT_CLASS = YES_ERROR;
				CLANG_WARN_QUOTED_INCLUDE_IN_FRAMEWORK_HEADER = YES;
				CLANG_WARN_RANGE_LOOP_ANALYSIS = YES;
				CLANG_WARN_STRICT_PROTOTYPES = YES;
				CLANG_WARN_SUSPICIOUS_MOVE = YES;
				CLANG_WARN_UNGUARDED_AVAILABILITY = YES_AGGRESSIVE;
				CLANG_WARN_UNREACHABLE_CODE = YES;
				CLANG_WARN__DUPLICATE_METHOD_MATCH = YES;
				COPY_PHASE_STRIP = NO;
				DEBUG_INFORMATION_FORMAT = dwarf;
				ENABLE_STRICT_OBJC_MSGSEND = YES;
				ENABLE_TESTABILITY = YES;
				GCC_C_LANGUAGE_STANDARD = gnu11;
				GCC_DYNAMIC_NO_PIC = NO;
				GCC_NO_COMMON_BLOCKS = YES;
				GCC_OPTIMIZATION_LEVEL = 0;
				GCC_PREPROCESSOR_DEFINITIONS = (
					"DEBUG=1",
					"$(inherited)",
				);
				GCC_WARN_64_TO_32_BIT_CONVERSION = YES;
				GCC_WARN_ABOUT_RETURN_TYPE = YES_ERROR;
				GCC_WARN_UNDECLARED_SELECTOR = YES;
				GCC_WARN_UNINITIALIZED_AUTOS = YES_AGGRESSIVE;
				GCC_WARN_UNUSED_FUNCTION = YES;
				GCC_WARN_UNUSED_VARIABLE = YES;
				IPHONEOS_DEPLOYMENT_TARGET = 15.0;
				MTL_ENABLE_DEBUG_INFO = INCLUDE_SOURCE;
				MTL_FAST_MATH = YES;
				ONLY_ACTIVE_ARCH = YES;
				SDKROOT = iphoneos;
				SWIFT_ACTIVE_COMPILATION_CONDITIONS = DEBUG;
				SWIFT_OPTIMIZATION_LEVEL = "-Onone";
			};
			name = Debug;
		};
		D80200B82703010900AE735A /* Release */ = {
			isa = XCBuildConfiguration;
			buildSettings = {
				ALWAYS_SEARCH_USER_PATHS = NO;
				CLANG_ANALYZER_NONNULL = YES;
				CLANG_ANALYZER_NUMBER_OBJECT_CONVERSION = YES_AGGRESSIVE;
				CLANG_CXX_LANGUAGE_STANDARD = "gnu++17";
				CLANG_CXX_LIBRARY = "libc++";
				CLANG_ENABLE_MODULES = YES;
				CLANG_ENABLE_OBJC_ARC = YES;
				CLANG_ENABLE_OBJC_WEAK = YES;
				CLANG_WARN_BLOCK_CAPTURE_AUTORELEASING = YES;
				CLANG_WARN_BOOL_CONVERSION = YES;
				CLANG_WARN_COMMA = YES;
				CLANG_WARN_CONSTANT_CONVERSION = YES;
				CLANG_WARN_DEPRECATED_OBJC_IMPLEMENTATIONS = YES;
				CLANG_WARN_DIRECT_OBJC_ISA_USAGE = YES_ERROR;
				CLANG_WARN_DOCUMENTATION_COMMENTS = YES;
				CLANG_WARN_EMPTY_BODY = YES;
				CLANG_WARN_ENUM_CONVERSION = YES;
				CLANG_WARN_INFINITE_RECURSION = YES;
				CLANG_WARN_INT_CONVERSION = YES;
				CLANG_WARN_NON_LITERAL_NULL_CONVERSION = YES;
				CLANG_WARN_OBJC_IMPLICIT_RETAIN_SELF = YES;
				CLANG_WARN_OBJC_LITERAL_CONVERSION = YES;
				CLANG_WARN_OBJC_ROOT_CLASS = YES_ERROR;
				CLANG_WARN_QUOTED_INCLUDE_IN_FRAMEWORK_HEADER = YES;
				CLANG_WARN_RANGE_LOOP_ANALYSIS = YES;
				CLANG_WARN_STRICT_PROTOTYPES = YES;
				CLANG_WARN_SUSPICIOUS_MOVE = YES;
				CLANG_WARN_UNGUARDED_AVAILABILITY = YES_AGGRESSIVE;
				CLANG_WARN_UNREACHABLE_CODE = YES;
				CLANG_WARN__DUPLICATE_METHOD_MATCH = YES;
				COPY_PHASE_STRIP = NO;
				DEBUG_INFORMATION_FORMAT = "dwarf-with-dsym";
				ENABLE_NS_ASSERTIONS = NO;
				ENABLE_STRICT_OBJC_MSGSEND = YES;
				GCC_C_LANGUAGE_STANDARD = gnu11;
				GCC_NO_COMMON_BLOCKS = YES;
				GCC_WARN_64_TO_32_BIT_CONVERSION = YES;
				GCC_WARN_ABOUT_RETURN_TYPE = YES_ERROR;
				GCC_WARN_UNDECLARED_SELECTOR = YES;
				GCC_WARN_UNINITIALIZED_AUTOS = YES_AGGRESSIVE;
				GCC_WARN_UNUSED_FUNCTION = YES;
				GCC_WARN_UNUSED_VARIABLE = YES;
				IPHONEOS_DEPLOYMENT_TARGET = 15.0;
				MTL_ENABLE_DEBUG_INFO = NO;
				MTL_FAST_MATH = YES;
				SDKROOT = iphoneos;
				SWIFT_COMPILATION_MODE = wholemodule;
				SWIFT_OPTIMIZATION_LEVEL = "-O";
				VALIDATE_PRODUCT = YES;
			};
			name = Release;
		};
		D80200BA2703010900AE735A /* Debug */ = {
			isa = XCBuildConfiguration;
			buildSettings = {
				ASSETCATALOG_COMPILER_APPICON_NAME = AppIcon;
				ASSETCATALOG_COMPILER_GLOBAL_ACCENT_COLOR_NAME = AccentColor;
				CODE_SIGN_STYLE = Automatic;
				CURRENT_PROJECT_VERSION = 1;
				DEVELOPMENT_TEAM = RV92NSXQKZ;
				GENERATE_INFOPLIST_FILE = YES;
				INFOPLIST_FILE = BinanceApiTikersData/App/Info.plist;
				INFOPLIST_KEY_UIApplicationSupportsIndirectInputEvents = YES;
				INFOPLIST_KEY_UILaunchStoryboardName = LaunchScreen;
				INFOPLIST_KEY_UIMainStoryboardFile = Main;
				INFOPLIST_KEY_UISupportedInterfaceOrientations = UIInterfaceOrientationPortrait;
				INFOPLIST_KEY_UISupportedInterfaceOrientations_iPad = "UIInterfaceOrientationPortrait UIInterfaceOrientationPortraitUpsideDown UIInterfaceOrientationLandscapeLeft UIInterfaceOrientationLandscapeRight";
				INFOPLIST_KEY_UISupportedInterfaceOrientations_iPhone = "UIInterfaceOrientationPortrait UIInterfaceOrientationLandscapeLeft UIInterfaceOrientationLandscapeRight";
				LD_RUNPATH_SEARCH_PATHS = (
					"$(inherited)",
					"@executable_path/Frameworks",
				);
				MARKETING_VERSION = 1.0;
				PRODUCT_BUNDLE_IDENTIFIER = ru.nechaev.BinanceApiTikersData;
				PRODUCT_NAME = "$(TARGET_NAME)";
				SWIFT_EMIT_LOC_STRINGS = YES;
				SWIFT_VERSION = 5.0;
				TARGETED_DEVICE_FAMILY = 1;
			};
			name = Debug;
		};
		D80200BB2703010900AE735A /* Release */ = {
			isa = XCBuildConfiguration;
			buildSettings = {
				ASSETCATALOG_COMPILER_APPICON_NAME = AppIcon;
				ASSETCATALOG_COMPILER_GLOBAL_ACCENT_COLOR_NAME = AccentColor;
				CODE_SIGN_STYLE = Automatic;
				CURRENT_PROJECT_VERSION = 1;
				DEVELOPMENT_TEAM = RV92NSXQKZ;
				GENERATE_INFOPLIST_FILE = YES;
				INFOPLIST_FILE = BinanceApiTikersData/App/Info.plist;
				INFOPLIST_KEY_UIApplicationSupportsIndirectInputEvents = YES;
				INFOPLIST_KEY_UILaunchStoryboardName = LaunchScreen;
				INFOPLIST_KEY_UIMainStoryboardFile = Main;
				INFOPLIST_KEY_UISupportedInterfaceOrientations = UIInterfaceOrientationPortrait;
				INFOPLIST_KEY_UISupportedInterfaceOrientations_iPad = "UIInterfaceOrientationPortrait UIInterfaceOrientationPortraitUpsideDown UIInterfaceOrientationLandscapeLeft UIInterfaceOrientationLandscapeRight";
				INFOPLIST_KEY_UISupportedInterfaceOrientations_iPhone = "UIInterfaceOrientationPortrait UIInterfaceOrientationLandscapeLeft UIInterfaceOrientationLandscapeRight";
				LD_RUNPATH_SEARCH_PATHS = (
					"$(inherited)",
					"@executable_path/Frameworks",
				);
				MARKETING_VERSION = 1.0;
				PRODUCT_BUNDLE_IDENTIFIER = ru.nechaev.BinanceApiTikersData;
				PRODUCT_NAME = "$(TARGET_NAME)";
				SWIFT_EMIT_LOC_STRINGS = YES;
				SWIFT_VERSION = 5.0;
				TARGETED_DEVICE_FAMILY = 1;
			};
			name = Release;
		};
/* End XCBuildConfiguration section */

/* Begin XCConfigurationList section */
		D80200A02703010800AE735A /* Build configuration list for PBXProject "BinanceApiTikersData" */ = {
			isa = XCConfigurationList;
			buildConfigurations = (
				D80200B72703010900AE735A /* Debug */,
				D80200B82703010900AE735A /* Release */,
			);
			defaultConfigurationIsVisible = 0;
			defaultConfigurationName = Release;
		};
		D80200B92703010900AE735A /* Build configuration list for PBXNativeTarget "BinanceApiTikersData" */ = {
			isa = XCConfigurationList;
			buildConfigurations = (
				D80200BA2703010900AE735A /* Debug */,
				D80200BB2703010900AE735A /* Release */,
			);
			defaultConfigurationIsVisible = 0;
			defaultConfigurationName = Release;
		};
/* End XCConfigurationList section */
	};
	rootObject = D802009D2703010800AE735A /* Project object */;
}
